schema: '2.0'
stages:
  make_dataset:
    cmd: python src/data/make_dataset.py data/raw
    deps:
    - path: data/raw
      hash: md5
      md5: 1b2b357ac4248ba80ca02a2d3356c8ec.dir
      size: 7646509924
      nfiles: 7045
    - path: src/data/make_dataset.py
      hash: md5
      md5: 7ac52a83a4e904da38bce5fe37b6f085
      size: 2175
    params:
      params.yaml:
        make_dataset.seed: 42
        make_dataset.test_split: 0.2
    outs:
    - path: data/processed/test.csv
      hash: md5
      md5: 593e5caffc28b760e2a755b6ed557f67
      size: 82968
    - path: data/processed/train.csv
      hash: md5
      md5: 2aba2e227b5b7b527ae33db334e3c957
      size: 332261
