schema: '2.0'
stages:
  make_dataset:
    cmd: python3 src/data/make_dataset.py data/raw
    deps:
    - path: data/raw
      hash: md5
      md5: 261e3689e284057b69f052f4eff1f522.dir
      size: 7646377020
      nfiles: 7043
    - path: src/data/make_dataset.py
      hash: md5
      md5: adee714cf90d0118a17148ae8e7200d3
      size: 2344
    params:
      params.yaml:
        make_dataset.seed: 42
        make_dataset.test_split: 0.2
    outs:
    - path: data/processed/test.csv
      hash: md5
      md5: df1a6aa4d2826e589688b40b9a6d8aee
      size: 83085
    - path: data/processed/train.csv
      hash: md5
      md5: f6429e3a41dcae1a75aa7fd71d3209ee
      size: 332050
  predict:
    cmd: python3 src/models/predict.py
    deps:
    - path: artifacts/models/multi_output_model.keras
      hash: md5
      md5: 42657b1481edf76b2294227b7198d720
      size: 24049681
    - path: src/models/predict.py
      hash: md5
      md5: 5f12f8a9e9886825c31714719e0f1de4
      size: 2674
    params:
      params.yaml:
        predict.image_path: data/raw/real/10/1.jpg
        predict.model_path: artifacts/models/multi_output_model.keras
        predict.output_dir: reports/predictions
        train.img_size: 224
    outs:
    - path: reports/predictions
      hash: md5
      md5: 445c1f766f74adb2e9e9e22ae72cbffc.dir
      size: 131
      nfiles: 1
