schema: '2.0'
stages:
  make_dataset:
    cmd: python3 src/data/make_dataset.py data/raw
    deps:
    - path: data/raw
      hash: md5
      md5: 250cb996af4eb0589f5a10b22fc3b84f.dir
      size: 7668496653
      nfiles: 7097
    - path: src/data/make_dataset.py
      hash: md5
      md5: a72890e16985d4f2a73d2f3b18441e13
      size: 2356
    params:
      params.yaml:
        make_dataset.seed: 42
        make_dataset.test_split: 0.2
    outs:
    - path: data/processed/test.csv
      hash: md5
      md5: f17c92e0ed251f9cddcb9badf89c1393
      size: 84034
    - path: data/processed/train.csv
      hash: md5
      md5: 0908a5cb207498f082726cf16bb40c06
      size: 333463
  predict:
    cmd: python3 src/models/predict.py
    deps:
    - path: artifacts/models/multi_output_model.keras
      hash: md5
      md5: 18b1e897922a41da741ec0f118835769
      size: 24049681
    - path: src/models/predict.py
      hash: md5
      md5: 40cd7960246d5d3f167c22dc8e8dba3c
      size: 5224
    params:
      params.yaml:
        predict.image_path: fake1.jpeg
        predict.model_path: artifacts/models/multi_output_model.keras
        predict.output_dir: reports/predictions
        train.img_size: 224
    outs:
    - path: reports/predictions
      hash: md5
      md5: 8fae5f23233f76db6fa24b4d27543afd.dir
      size: 171
      nfiles: 1
